{
  "nodes": {
    "cairo-nix": {
      "inputs": {
        "crane": "crane",
        "flake-utils": "flake-utils",
        "nixpkgs": "nixpkgs",
        "oxalica": "oxalica"
      },
      "locked": {
        "lastModified": 1751020993,
        "narHash": "sha256-qRMUQzjKzHsvchly5cDwcs/Y2+yA0XBZs6nAuAqX1EE=",
        "owner": "knownasred",
        "repo": "cairo-nix",
        "rev": "ee9231aa1bb73c8a80dec0e57a78ccf697deb2e5",
        "type": "github"
      },
      "original": {
        "owner": "knownasred",
        "repo": "cairo-nix",
        "type": "github"
      }
    },
    "crane": {
      "locked": {
        "lastModified": 1750266157,
        "narHash": "sha256-tL42YoNg9y30u7zAqtoGDNdTyXTi8EALDeCB13FtbQA=",
        "owner": "ipetkov",
        "repo": "crane",
        "rev": "e37c943371b73ed87faf33f7583860f81f1d5a48",
        "type": "github"
      },
      "original": {
        "owner": "ipetkov",
        "repo": "crane",
        "type": "github"
      }
    },
    "devshell": {
      "inputs": {
        "nixpkgs": "nixpkgs_2"
      },
      "locked": {
        "lastModified": 1741473158,
        "narHash": "sha256-kWNaq6wQUbUMlPgw8Y+9/9wP0F8SHkjy24/mN3UAppg=",
        "owner": "numtide",
        "repo": "devshell",
        "rev": "7c9e793ebe66bcba8292989a68c0419b737a22a0",
        "type": "github"
      },
      "original": {
        "owner": "numtide",
        "repo": "devshell",
        "type": "github"
      }
    },
    "flake-parts": {
      "inputs": {
        "nixpkgs-lib": "nixpkgs-lib"
      },
      "locked": {
        "lastModified": 1751413152,
        "narHash": "sha256-Tyw1RjYEsp5scoigs1384gIg6e0GoBVjms4aXFfRssQ=",
        "owner": "hercules-ci",
        "repo": "flake-parts",
        "rev": "77826244401ea9de6e3bac47c2db46005e1f30b5",
        "type": "github"
      },
      "original": {
        "owner": "hercules-ci",
        "repo": "flake-parts",
        "type": "github"
      }
    },
    "flake-utils": {
      "inputs": {
        "systems": "systems"
      },
      "locked": {
        "lastModified": 1731533236,
        "narHash": "sha256-l0KFg5HjrsfsO/JpG+r7fRrqm12kzFHyUHqHCVpMMbI=",
        "owner": "numtide",
        "repo": "flake-utils",
        "rev": "11707dc2f618dd54ca8739b309ec4fc024de578b",
        "type": "github"
      },
      "original": {
        "owner": "numtide",
        "repo": "flake-utils",
        "type": "github"
      }
    },
    "nixpkgs": {
      "locked": {
        "lastModified": 1751017523,
        "narHash": "sha256-W/p7hmQYANVYo+ASLBhn75uyzKncH3R4fyO2zed6hv4=",
        "owner": "nixos",
        "repo": "nixpkgs",
        "rev": "a35708fdc46b6aad99a76ef079e0ab7d03be09cd",
        "type": "github"
      },
      "original": {
        "owner": "nixos",
        "ref": "release-25.05",
        "repo": "nixpkgs",
        "type": "github"
      }
    },
    "nixpkgs-lib": {
      "locked": {
        "lastModified": 1751159883,
        "narHash": "sha256-urW/Ylk9FIfvXfliA1ywh75yszAbiTEVgpPeinFyVZo=",
        "owner": "nix-community",
        "repo": "nixpkgs.lib",
        "rev": "14a40a1d7fb9afa4739275ac642ed7301a9ba1ab",
        "type": "github"
      },
      "original": {
        "owner": "nix-community",
        "repo": "nixpkgs.lib",
        "type": "github"
      }
    },
    "nixpkgs_2": {
      "locked": {
        "lastModified": 1722073938,
        "narHash": "sha256-OpX0StkL8vpXyWOGUD6G+MA26wAXK6SpT94kLJXo6B4=",
        "owner": "NixOS",
        "repo": "nixpkgs",
        "rev": "e36e9f57337d0ff0cf77aceb58af4c805472bfae",
        "type": "github"
      },
      "original": {
        "owner": "NixOS",
        "ref": "nixpkgs-unstable",
        "repo": "nixpkgs",
        "type": "github"
      }
    },
    "nixpkgs_3": {
      "locked": {
        "lastModified": 1751984180,
        "narHash": "sha256-LwWRsENAZJKUdD3SpLluwDmdXY9F45ZEgCb0X+xgOL0=",
        "owner": "NixOS",
        "repo": "nixpkgs",
        "rev": "9807714d6944a957c2e036f84b0ff8caf9930bc0",
        "type": "github"
      },
      "original": {
        "owner": "NixOS",
        "ref": "nixos-unstable",
        "repo": "nixpkgs",
        "type": "github"
      }
    },
    "oxalica": {
      "inputs": {
        "nixpkgs": [
          "cairo-nix",
          "nixpkgs"
        ]
      },
      "locked": {
        "lastModified": 1750991972,
        "narHash": "sha256-jzadGZL1MtqmHb5AZcjZhHpNulOdMZPxf8Wifg8e5VA=",
        "owner": "oxalica",
        "repo": "rust-overlay",
        "rev": "b6509555d8ffaa0727f998af6ace901c5b78dc26",
        "type": "github"
      },
      "original": {
        "owner": "oxalica",
        "repo": "rust-overlay",
        "type": "github"
      }
    },
    "root": {
      "inputs": {
        "cairo-nix": "cairo-nix",
        "devshell": "devshell",
        "flake-parts": "flake-parts",
        "nixpkgs": "nixpkgs_3"
      }
    },
    "systems": {
      "locked": {
        "lastModified": 1681028828,
        "narHash": "sha256-Vy1rq5AaRuLzOxct8nz4T6wlgyUR7zLU309k9mBC768=",
        "owner": "nix-systems",
        "repo": "default",
        "rev": "da67096a3b9bf56a91d16901293e51ba5b49a27e",
        "type": "github"
      },
      "original": {
        "owner": "nix-systems",
        "repo": "default",
        "type": "github"
      }
    }
  },
  "root": "root",
  "version": 7
}
